// !$*UTF8*$!
{
	archiveVersion = 1;
	classes = {
	};
	objectVersion = 56;
	objects = {

/* Begin PBXBuildFile section */
		C1106F022A7A7F750002BBAE /* DW_SpeakerApp.swift in Sources */ = {isa = PBXBuildFile; fileRef = C1106F012A7A7F750002BBAE /* DW_SpeakerApp.swift */; };
		C1106F042A7A7F750002BBAE /* ContentView.swift in Sources */ = {isa = PBXBuildFile; fileRef = C1106F032A7A7F750002BBAE /* ContentView.swift */; };
		C1106F062A7A7F770002BBAE /* Assets.xcassets in Resources */ = {isa = PBXBuildFile; fileRef = C1106F052A7A7F770002BBAE /* Assets.xcassets */; };
		C1106F0A2A7A7F770002BBAE /* Preview Assets.xcassets in Resources */ = {isa = PBXBuildFile; fileRef = C1106F092A7A7F770002BBAE /* Preview Assets.xcassets */; };
		C1106F2C2A7A9B330002BBAE /* VoiceViewModel.swift in Sources */ = {isa = PBXBuildFile; fileRef = C1106F2B2A7A9B330002BBAE /* VoiceViewModel.swift */; };
		C13992B12AA727D9008B93CC /* AppleVoiceSettingsView.swift in Sources */ = {isa = PBXBuildFile; fileRef = C13992B02AA727D8008B93CC /* AppleVoiceSettingsView.swift */; };
		C13992B32AA727E5008B93CC /* ElevenLabsVoiceSettingsView.swift in Sources */ = {isa = PBXBuildFile; fileRef = C13992B22AA727E5008B93CC /* ElevenLabsVoiceSettingsView.swift */; };
		C148C5412A8FC306001FA256 /* SettingsView.swift in Sources */ = {isa = PBXBuildFile; fileRef = C148C5402A8FC306001FA256 /* SettingsView.swift */; };
		C148C5432A8FC3BD001FA256 /* Constants.swift in Sources */ = {isa = PBXBuildFile; fileRef = C148C5422A8FC3BD001FA256 /* Constants.swift */; };
		C14A2A0D2AA762DF00ABBA16 /* DWSpeakerKit in Frameworks */ = {isa = PBXBuildFile; productRef = C14A2A0C2AA762DF00ABBA16 /* DWSpeakerKit */; };
		C15590742A8D096700269CE9 /* VoiceSettingsView.swift in Sources */ = {isa = PBXBuildFile; fileRef = C15590732A8D096700269CE9 /* VoiceSettingsView.swift */; };
/* End PBXBuildFile section */

/* Begin PBXFileReference section */
		C1106EFE2A7A7F750002BBAE /* DW Speaker.app */ = {isa = PBXFileReference; explicitFileType = wrapper.application; includeInIndex = 0; path = "DW Speaker.app"; sourceTree = BUILT_PRODUCTS_DIR; };
		C1106F012A7A7F750002BBAE /* DW_SpeakerApp.swift */ = {isa = PBXFileReference; lastKnownFileType = sourcecode.swift; path = DW_SpeakerApp.swift; sourceTree = "<group>"; };
		C1106F032A7A7F750002BBAE /* ContentView.swift */ = {isa = PBXFileReference; lastKnownFileType = sourcecode.swift; path = ContentView.swift; sourceTree = "<group>"; };
		C1106F052A7A7F770002BBAE /* Assets.xcassets */ = {isa = PBXFileReference; lastKnownFileType = folder.assetcatalog; path = Assets.xcassets; sourceTree = "<group>"; };
		C1106F072A7A7F770002BBAE /* DW_Speaker.entitlements */ = {isa = PBXFileReference; lastKnownFileType = text.plist.entitlements; path = DW_Speaker.entitlements; sourceTree = "<group>"; };
		C1106F092A7A7F770002BBAE /* Preview Assets.xcassets */ = {isa = PBXFileReference; lastKnownFileType = folder.assetcatalog; path = "Preview Assets.xcassets"; sourceTree = "<group>"; };
		C1106F2B2A7A9B330002BBAE /* VoiceViewModel.swift */ = {isa = PBXFileReference; lastKnownFileType = sourcecode.swift; path = VoiceViewModel.swift; sourceTree = "<group>"; };
		C135E28E2AA9BCCD007477BE /* DW-Speaker-Info.plist */ = {isa = PBXFileReference; lastKnownFileType = text.plist; path = "DW-Speaker-Info.plist"; sourceTree = SOURCE_ROOT; };
		C13992B02AA727D8008B93CC /* AppleVoiceSettingsView.swift */ = {isa = PBXFileReference; lastKnownFileType = sourcecode.swift; path = AppleVoiceSettingsView.swift; sourceTree = "<group>"; };
		C13992B22AA727E5008B93CC /* ElevenLabsVoiceSettingsView.swift */ = {isa = PBXFileReference; lastKnownFileType = sourcecode.swift; path = ElevenLabsVoiceSettingsView.swift; sourceTree = "<group>"; };
		C148C5402A8FC306001FA256 /* SettingsView.swift */ = {isa = PBXFileReference; lastKnownFileType = sourcecode.swift; path = SettingsView.swift; sourceTree = "<group>"; };
		C148C5422A8FC3BD001FA256 /* Constants.swift */ = {isa = PBXFileReference; lastKnownFileType = sourcecode.swift; path = Constants.swift; sourceTree = "<group>"; };
		C15590732A8D096700269CE9 /* VoiceSettingsView.swift */ = {isa = PBXFileReference; lastKnownFileType = sourcecode.swift; path = VoiceSettingsView.swift; sourceTree = "<group>"; };
		F79FDB032AD6A9D80066309C /* DWSpeakerKit */ = {isa = PBXFileReference; lastKnownFileType = wrapper; name = DWSpeakerKit; path = ../00_packages/DWSpeakerKit; sourceTree = "<group>"; };
/* End PBXFileReference section */

/* Begin PBXFrameworksBuildPhase section */
		C1106EFB2A7A7F750002BBAE /* Frameworks */ = {
			isa = PBXFrameworksBuildPhase;
			buildActionMask = 2147483647;
			files = (
				C14A2A0D2AA762DF00ABBA16 /* DWSpeakerKit in Frameworks */,
			);
			runOnlyForDeploymentPostprocessing = 0;
		};
/* End PBXFrameworksBuildPhase section */

/* Begin PBXGroup section */
		C1106EF52A7A7F750002BBAE = {
			isa = PBXGroup;
			children = (
				F79FDB032AD6A9D80066309C /* DWSpeakerKit */,
				C1106F002A7A7F750002BBAE /* DW Speaker */,
				C1106EFF2A7A7F750002BBAE /* Products */,
				C13992AB2AA714A9008B93CC /* Frameworks */,
			);
			sourceTree = "<group>";
		};
		C1106EFF2A7A7F750002BBAE /* Products */ = {
			isa = PBXGroup;
			children = (
				C1106EFE2A7A7F750002BBAE /* DW Speaker.app */,
			);
			name = Products;
			sourceTree = "<group>";
		};
		C1106F002A7A7F750002BBAE /* DW Speaker */ = {
			isa = PBXGroup;
			children = (
				C135E28E2AA9BCCD007477BE /* DW-Speaker-Info.plist */,
				C1106F012A7A7F750002BBAE /* DW_SpeakerApp.swift */,
				C1106F2B2A7A9B330002BBAE /* VoiceViewModel.swift */,
				C1106F032A7A7F750002BBAE /* ContentView.swift */,
				C148C5402A8FC306001FA256 /* SettingsView.swift */,
				C15590732A8D096700269CE9 /* VoiceSettingsView.swift */,
				C13992B02AA727D8008B93CC /* AppleVoiceSettingsView.swift */,
				C13992B22AA727E5008B93CC /* ElevenLabsVoiceSettingsView.swift */,
				C148C5422A8FC3BD001FA256 /* Constants.swift */,
				C1106F052A7A7F770002BBAE /* Assets.xcassets */,
				C1106F072A7A7F770002BBAE /* DW_Speaker.entitlements */,
				C1106F082A7A7F770002BBAE /* Preview Content */,
			);
			path = "DW Speaker";
			sourceTree = "<group>";
		};
		C1106F082A7A7F770002BBAE /* Preview Content */ = {
			isa = PBXGroup;
			children = (
				C1106F092A7A7F770002BBAE /* Preview Assets.xcassets */,
			);
			path = "Preview Content";
			sourceTree = "<group>";
		};
		C13992AB2AA714A9008B93CC /* Frameworks */ = {
			isa = PBXGroup;
			children = (
			);
			name = Frameworks;
			sourceTree = "<group>";
		};
/* End PBXGroup section */

/* Begin PBXNativeTarget section */
		C1106EFD2A7A7F750002BBAE /* DW Speaker */ = {
			isa = PBXNativeTarget;
			buildConfigurationList = C1106F0D2A7A7F770002BBAE /* Build configuration list for PBXNativeTarget "DW Speaker" */;
			buildPhases = (
				C1106EFA2A7A7F750002BBAE /* Sources */,
				C1106EFB2A7A7F750002BBAE /* Frameworks */,
				C1106EFC2A7A7F750002BBAE /* Resources */,
			);
			buildRules = (
			);
			dependencies = (
			);
			name = "DW Speaker";
			packageProductDependencies = (
				C14A2A0C2AA762DF00ABBA16 /* DWSpeakerKit */,
			);
			productName = "DW Speaker";
			productReference = C1106EFE2A7A7F750002BBAE /* DW Speaker.app */;
			productType = "com.apple.product-type.application";
		};
/* End PBXNativeTarget section */

/* Begin PBXProject section */
		C1106EF62A7A7F750002BBAE /* Project object */ = {
			isa = PBXProject;
			attributes = {
				BuildIndependentTargetsInParallel = 1;
				LastSwiftUpdateCheck = 1430;
				LastUpgradeCheck = 1500;
				TargetAttributes = {
					C1106EFD2A7A7F750002BBAE = {
						CreatedOnToolsVersion = 14.3;
					};
				};
			};
			buildConfigurationList = C1106EF92A7A7F750002BBAE /* Build configuration list for PBXProject "DW Speaker" */;
			compatibilityVersion = "Xcode 14.0";
			developmentRegion = en;
			hasScannedForEncodings = 0;
			knownRegions = (
				en,
				Base,
			);
			mainGroup = C1106EF52A7A7F750002BBAE;
			packageReferences = (
				C14A2A0B2AA762DF00ABBA16 /* XCRemoteSwiftPackageReference "DWSpeakerKit" */,
			);
			productRefGroup = C1106EFF2A7A7F750002BBAE /* Products */;
			projectDirPath = "";
			projectRoot = "";
			targets = (
				C1106EFD2A7A7F750002BBAE /* DW Speaker */,
			);
		};
/* End PBXProject section */

/* Begin PBXResourcesBuildPhase section */
		C1106EFC2A7A7F750002BBAE /* Resources */ = {
			isa = PBXResourcesBuildPhase;
			buildActionMask = 2147483647;
			files = (
				C1106F0A2A7A7F770002BBAE /* Preview Assets.xcassets in Resources */,
				C1106F062A7A7F770002BBAE /* Assets.xcassets in Resources */,
			);
			runOnlyForDeploymentPostprocessing = 0;
		};
/* End PBXResourcesBuildPhase section */

/* Begin PBXSourcesBuildPhase section */
		C1106EFA2A7A7F750002BBAE /* Sources */ = {
			isa = PBXSourcesBuildPhase;
			buildActionMask = 2147483647;
			files = (
				C15590742A8D096700269CE9 /* VoiceSettingsView.swift in Sources */,
				C1106F042A7A7F750002BBAE /* ContentView.swift in Sources */,
				C1106F2C2A7A9B330002BBAE /* VoiceViewModel.swift in Sources */,
				C148C5432A8FC3BD001FA256 /* Constants.swift in Sources */,
				C1106F022A7A7F750002BBAE /* DW_SpeakerApp.swift in Sources */,
				C148C5412A8FC306001FA256 /* SettingsView.swift in Sources */,
				C13992B32AA727E5008B93CC /* ElevenLabsVoiceSettingsView.swift in Sources */,
				C13992B12AA727D9008B93CC /* AppleVoiceSettingsView.swift in Sources */,
			);
			runOnlyForDeploymentPostprocessing = 0;
		};
/* End PBXSourcesBuildPhase section */

/* Begin XCBuildConfiguration section */
		C1106F0B2A7A7F770002BBAE /* Debug */ = {
			isa = XCBuildConfiguration;
			buildSettings = {
				ALWAYS_SEARCH_USER_PATHS = NO;
				ASSETCATALOG_COMPILER_GENERATE_SWIFT_ASSET_SYMBOL_EXTENSIONS = YES;
				CLANG_ANALYZER_NONNULL = YES;
				CLANG_ANALYZER_NUMBER_OBJECT_CONVERSION = YES_AGGRESSIVE;
				CLANG_CXX_LANGUAGE_STANDARD = "gnu++20";
				CLANG_ENABLE_MODULES = YES;
				CLANG_ENABLE_OBJC_ARC = YES;
				CLANG_ENABLE_OBJC_WEAK = YES;
				CLANG_WARN_BLOCK_CAPTURE_AUTORELEASING = YES;
				CLANG_WARN_BOOL_CONVERSION = YES;
				CLANG_WARN_COMMA = YES;
				CLANG_WARN_CONSTANT_CONVERSION = YES;
				CLANG_WARN_DEPRECATED_OBJC_IMPLEMENTATIONS = YES;
				CLANG_WARN_DIRECT_OBJC_ISA_USAGE = YES_ERROR;
				CLANG_WARN_DOCUMENTATION_COMMENTS = YES;
				CLANG_WARN_EMPTY_BODY = YES;
				CLANG_WARN_ENUM_CONVERSION = YES;
				CLANG_WARN_INFINITE_RECURSION = YES;
				CLANG_WARN_INT_CONVERSION = YES;
				CLANG_WARN_NON_LITERAL_NULL_CONVERSION = YES;
				CLANG_WARN_OBJC_IMPLICIT_RETAIN_SELF = YES;
				CLANG_WARN_OBJC_LITERAL_CONVERSION = YES;
				CLANG_WARN_OBJC_ROOT_CLASS = YES_ERROR;
				CLANG_WARN_QUOTED_INCLUDE_IN_FRAMEWORK_HEADER = YES;
				CLANG_WARN_RANGE_LOOP_ANALYSIS = YES;
				CLANG_WARN_STRICT_PROTOTYPES = YES;
				CLANG_WARN_SUSPICIOUS_MOVE = YES;
				CLANG_WARN_UNGUARDED_AVAILABILITY = YES_AGGRESSIVE;
				CLANG_WARN_UNREACHABLE_CODE = YES;
				CLANG_WARN__DUPLICATE_METHOD_MATCH = YES;
				COPY_PHASE_STRIP = NO;
				DEAD_CODE_STRIPPING = YES;
				DEBUG_INFORMATION_FORMAT = dwarf;
				ENABLE_STRICT_OBJC_MSGSEND = YES;
				ENABLE_TESTABILITY = YES;
				ENABLE_USER_SCRIPT_SANDBOXING = YES;
				GCC_C_LANGUAGE_STANDARD = gnu11;
				GCC_DYNAMIC_NO_PIC = NO;
				GCC_NO_COMMON_BLOCKS = YES;
				GCC_OPTIMIZATION_LEVEL = 0;
				GCC_PREPROCESSOR_DEFINITIONS = (
					"DEBUG=1",
					"$(inherited)",
				);
				GCC_WARN_64_TO_32_BIT_CONVERSION = YES;
				GCC_WARN_ABOUT_RETURN_TYPE = YES_ERROR;
				GCC_WARN_UNDECLARED_SELECTOR = YES;
				GCC_WARN_UNINITIALIZED_AUTOS = YES_AGGRESSIVE;
				GCC_WARN_UNUSED_FUNCTION = YES;
				GCC_WARN_UNUSED_VARIABLE = YES;
				MTL_ENABLE_DEBUG_INFO = INCLUDE_SOURCE;
				MTL_FAST_MATH = YES;
				ONLY_ACTIVE_ARCH = YES;
				SWIFT_ACTIVE_COMPILATION_CONDITIONS = DEBUG;
				SWIFT_OPTIMIZATION_LEVEL = "-Onone";
			};
			name = Debug;
		};
		C1106F0C2A7A7F770002BBAE /* Release */ = {
			isa = XCBuildConfiguration;
			buildSettings = {
				ALWAYS_SEARCH_USER_PATHS = NO;
				ASSETCATALOG_COMPILER_GENERATE_SWIFT_ASSET_SYMBOL_EXTENSIONS = YES;
				CLANG_ANALYZER_NONNULL = YES;
				CLANG_ANALYZER_NUMBER_OBJECT_CONVERSION = YES_AGGRESSIVE;
				CLANG_CXX_LANGUAGE_STANDARD = "gnu++20";
				CLANG_ENABLE_MODULES = YES;
				CLANG_ENABLE_OBJC_ARC = YES;
				CLANG_ENABLE_OBJC_WEAK = YES;
				CLANG_WARN_BLOCK_CAPTURE_AUTORELEASING = YES;
				CLANG_WARN_BOOL_CONVERSION = YES;
				CLANG_WARN_COMMA = YES;
				CLANG_WARN_CONSTANT_CONVERSION = YES;
				CLANG_WARN_DEPRECATED_OBJC_IMPLEMENTATIONS = YES;
				CLANG_WARN_DIRECT_OBJC_ISA_USAGE = YES_ERROR;
				CLANG_WARN_DOCUMENTATION_COMMENTS = YES;
				CLANG_WARN_EMPTY_BODY = YES;
				CLANG_WARN_ENUM_CONVERSION = YES;
				CLANG_WARN_INFINITE_RECURSION = YES;
				CLANG_WARN_INT_CONVERSION = YES;
				CLANG_WARN_NON_LITERAL_NULL_CONVERSION = YES;
				CLANG_WARN_OBJC_IMPLICIT_RETAIN_SELF = YES;
				CLANG_WARN_OBJC_LITERAL_CONVERSION = YES;
				CLANG_WARN_OBJC_ROOT_CLASS = YES_ERROR;
				CLANG_WARN_QUOTED_INCLUDE_IN_FRAMEWORK_HEADER = YES;
				CLANG_WARN_RANGE_LOOP_ANALYSIS = YES;
				CLANG_WARN_STRICT_PROTOTYPES = YES;
				CLANG_WARN_SUSPICIOUS_MOVE = YES;
				CLANG_WARN_UNGUARDED_AVAILABILITY = YES_AGGRESSIVE;
				CLANG_WARN_UNREACHABLE_CODE = YES;
				CLANG_WARN__DUPLICATE_METHOD_MATCH = YES;
				COPY_PHASE_STRIP = NO;
				DEAD_CODE_STRIPPING = YES;
				DEBUG_INFORMATION_FORMAT = "dwarf-with-dsym";
				ENABLE_NS_ASSERTIONS = NO;
				ENABLE_STRICT_OBJC_MSGSEND = YES;
				ENABLE_USER_SCRIPT_SANDBOXING = YES;
				GCC_C_LANGUAGE_STANDARD = gnu11;
				GCC_NO_COMMON_BLOCKS = YES;
				GCC_WARN_64_TO_32_BIT_CONVERSION = YES;
				GCC_WARN_ABOUT_RETURN_TYPE = YES_ERROR;
				GCC_WARN_UNDECLARED_SELECTOR = YES;
				GCC_WARN_UNINITIALIZED_AUTOS = YES_AGGRESSIVE;
				GCC_WARN_UNUSED_FUNCTION = YES;
				GCC_WARN_UNUSED_VARIABLE = YES;
				MTL_ENABLE_DEBUG_INFO = NO;
				MTL_FAST_MATH = YES;
				SWIFT_COMPILATION_MODE = wholemodule;
				SWIFT_OPTIMIZATION_LEVEL = "-O";
			};
			name = Release;
		};
		C1106F0E2A7A7F770002BBAE /* Debug */ = {
			isa = XCBuildConfiguration;
			buildSettings = {
				ASSETCATALOG_COMPILER_APPICON_NAME = AppIcon;
				ASSETCATALOG_COMPILER_GLOBAL_ACCENT_COLOR_NAME = AccentColor;
				CODE_SIGN_ENTITLEMENTS = "DW Speaker/DW_Speaker.entitlements";
				CODE_SIGN_STYLE = Automatic;
				CURRENT_PROJECT_VERSION = 5;
				DEAD_CODE_STRIPPING = YES;
				DEVELOPMENT_ASSET_PATHS = "\"DW Speaker/Preview Content\"";
				DEVELOPMENT_TEAM = 82DH72DY44;
				ENABLE_HARDENED_RUNTIME = YES;
				ENABLE_PREVIEWS = YES;
				GENERATE_INFOPLIST_FILE = YES;
				INFOPLIST_FILE = "DW-Speaker-Info.plist";
				INFOPLIST_KEY_LSApplicationCategoryType = "public.app-category.utilities";
				"INFOPLIST_KEY_UIApplicationSceneManifest_Generation[sdk=iphoneos*]" = YES;
				"INFOPLIST_KEY_UIApplicationSceneManifest_Generation[sdk=iphonesimulator*]" = YES;
				"INFOPLIST_KEY_UIApplicationSupportsIndirectInputEvents[sdk=iphoneos*]" = YES;
				"INFOPLIST_KEY_UIApplicationSupportsIndirectInputEvents[sdk=iphonesimulator*]" = YES;
				"INFOPLIST_KEY_UILaunchScreen_Generation[sdk=iphoneos*]" = YES;
				"INFOPLIST_KEY_UILaunchScreen_Generation[sdk=iphonesimulator*]" = YES;
				"INFOPLIST_KEY_UIStatusBarStyle[sdk=iphoneos*]" = UIStatusBarStyleDefault;
				"INFOPLIST_KEY_UIStatusBarStyle[sdk=iphonesimulator*]" = UIStatusBarStyleDefault;
				INFOPLIST_KEY_UISupportedInterfaceOrientations_iPad = "UIInterfaceOrientationPortrait UIInterfaceOrientationPortraitUpsideDown UIInterfaceOrientationLandscapeLeft UIInterfaceOrientationLandscapeRight";
				INFOPLIST_KEY_UISupportedInterfaceOrientations_iPhone = "UIInterfaceOrientationPortrait UIInterfaceOrientationLandscapeLeft UIInterfaceOrientationLandscapeRight";
				IPHONEOS_DEPLOYMENT_TARGET = 16.4;
				LD_RUNPATH_SEARCH_PATHS = "@executable_path/Frameworks";
				"LD_RUNPATH_SEARCH_PATHS[sdk=macosx*]" = "@executable_path/../Frameworks";
				MACOSX_DEPLOYMENT_TARGET = 13.3;
				MARKETING_VERSION = 1.2.2;
				PRODUCT_BUNDLE_IDENTIFIER = "com.lab-dw.DW-Speaker";
				PRODUCT_NAME = "$(TARGET_NAME)";
				SDKROOT = auto;
				SUPPORTED_PLATFORMS = "iphoneos iphonesimulator macosx";
				SWIFT_EMIT_LOC_STRINGS = YES;
				SWIFT_VERSION = 5.0;
				TARGETED_DEVICE_FAMILY = "1,2";
			};
			name = Debug;
		};
		C1106F0F2A7A7F770002BBAE /* Release */ = {
			isa = XCBuildConfiguration;
			buildSettings = {
				ASSETCATALOG_COMPILER_APPICON_NAME = AppIcon;
				ASSETCATALOG_COMPILER_GLOBAL_ACCENT_COLOR_NAME = AccentColor;
				CODE_SIGN_ENTITLEMENTS = "DW Speaker/DW_Speaker.entitlements";
				CODE_SIGN_STYLE = Automatic;
				CURRENT_PROJECT_VERSION = 5;
				DEAD_CODE_STRIPPING = YES;
				DEVELOPMENT_ASSET_PATHS = "\"DW Speaker/Preview Content\"";
				DEVELOPMENT_TEAM = 82DH72DY44;
				ENABLE_HARDENED_RUNTIME = YES;
				ENABLE_PREVIEWS = YES;
				GENERATE_INFOPLIST_FILE = YES;
				INFOPLIST_FILE = "DW-Speaker-Info.plist";
				INFOPLIST_KEY_LSApplicationCategoryType = "public.app-category.utilities";
				"INFOPLIST_KEY_UIApplicationSceneManifest_Generation[sdk=iphoneos*]" = YES;
				"INFOPLIST_KEY_UIApplicationSceneManifest_Generation[sdk=iphonesimulator*]" = YES;
				"INFOPLIST_KEY_UIApplicationSupportsIndirectInputEvents[sdk=iphoneos*]" = YES;
				"INFOPLIST_KEY_UIApplicationSupportsIndirectInputEvents[sdk=iphonesimulator*]" = YES;
				"INFOPLIST_KEY_UILaunchScreen_Generation[sdk=iphoneos*]" = YES;
				"INFOPLIST_KEY_UILaunchScreen_Generation[sdk=iphonesimulator*]" = YES;
				"INFOPLIST_KEY_UIStatusBarStyle[sdk=iphoneos*]" = UIStatusBarStyleDefault;
				"INFOPLIST_KEY_UIStatusBarStyle[sdk=iphonesimulator*]" = UIStatusBarStyleDefault;
				INFOPLIST_KEY_UISupportedInterfaceOrientations_iPad = "UIInterfaceOrientationPortrait UIInterfaceOrientationPortraitUpsideDown UIInterfaceOrientationLandscapeLeft UIInterfaceOrientationLandscapeRight";
				INFOPLIST_KEY_UISupportedInterfaceOrientations_iPhone = "UIInterfaceOrientationPortrait UIInterfaceOrientationLandscapeLeft UIInterfaceOrientationLandscapeRight";
				IPHONEOS_DEPLOYMENT_TARGET = 16.4;
				LD_RUNPATH_SEARCH_PATHS = "@executable_path/Frameworks";
				"LD_RUNPATH_SEARCH_PATHS[sdk=macosx*]" = "@executable_path/../Frameworks";
				MACOSX_DEPLOYMENT_TARGET = 13.3;
				MARKETING_VERSION = 1.2.2;
				PRODUCT_BUNDLE_IDENTIFIER = "com.lab-dw.DW-Speaker";
				PRODUCT_NAME = "$(TARGET_NAME)";
				SDKROOT = auto;
				SUPPORTED_PLATFORMS = "iphoneos iphonesimulator macosx";
				SWIFT_EMIT_LOC_STRINGS = YES;
				SWIFT_VERSION = 5.0;
				TARGETED_DEVICE_FAMILY = "1,2";
			};
			name = Release;
		};
/* End XCBuildConfiguration section */

/* Begin XCConfigurationList section */
		C1106EF92A7A7F750002BBAE /* Build configuration list for PBXProject "DW Speaker" */ = {
			isa = XCConfigurationList;
			buildConfigurations = (
				C1106F0B2A7A7F770002BBAE /* Debug */,
				C1106F0C2A7A7F770002BBAE /* Release */,
			);
			defaultConfigurationIsVisible = 0;
			defaultConfigurationName = Release;
		};
		C1106F0D2A7A7F770002BBAE /* Build configuration list for PBXNativeTarget "DW Speaker" */ = {
			isa = XCConfigurationList;
			buildConfigurations = (
				C1106F0E2A7A7F770002BBAE /* Debug */,
				C1106F0F2A7A7F770002BBAE /* Release */,
			);
			defaultConfigurationIsVisible = 0;
			defaultConfigurationName = Release;
		};
/* End XCConfigurationList section */

/* Begin XCRemoteSwiftPackageReference section */
		C14A2A0B2AA762DF00ABBA16 /* XCRemoteSwiftPackageReference "DWSpeakerKit" */ = {
			isa = XCRemoteSwiftPackageReference;
			repositoryURL = "https://github.com/dw-innovation/DWSpeakerKit";
			requirement = {
				branch = main;
				kind = branch;
			};
		};
/* End XCRemoteSwiftPackageReference section */

/* Begin XCSwiftPackageProductDependency section */
		C14A2A0C2AA762DF00ABBA16 /* DWSpeakerKit */ = {
			isa = XCSwiftPackageProductDependency;
			package = C14A2A0B2AA762DF00ABBA16 /* XCRemoteSwiftPackageReference "DWSpeakerKit" */;
			productName = DWSpeakerKit;
		};
/* End XCSwiftPackageProductDependency section */
	};
	rootObject = C1106EF62A7A7F750002BBAE /* Project object */;
}
