// !$*UTF8*$!
{
	archiveVersion = 1;
	classes = {
	};
	objectVersion = 56;
	objects = {

/* Begin PBXBuildFile section */
		C10686FD2A822E6F00ED796D /* AppleVoiceSettingsView.swift in Sources */ = {isa = PBXBuildFile; fileRef = C10686FC2A822E6F00ED796D /* AppleVoiceSettingsView.swift */; };
		C10686FF2A825D9300ED796D /* VoiceSettings.swift in Sources */ = {isa = PBXBuildFile; fileRef = C10686FE2A825D9300ED796D /* VoiceSettings.swift */; };
		C10687012A82719600ED796D /* ElevenLabsVoiceProvider.swift in Sources */ = {isa = PBXBuildFile; fileRef = C10687002A82719600ED796D /* ElevenLabsVoiceProvider.swift */; };
		C10687032A82739200ED796D /* AppleVoice.swift in Sources */ = {isa = PBXBuildFile; fileRef = C10687022A82739200ED796D /* AppleVoice.swift */; };
		C10687062A8273B700ED796D /* AppleVoiceSettings.swift in Sources */ = {isa = PBXBuildFile; fileRef = C10687052A8273B700ED796D /* AppleVoiceSettings.swift */; };
		C10687092A8273D700ED796D /* ElevenLabsVoice.swift in Sources */ = {isa = PBXBuildFile; fileRef = C10687082A8273D700ED796D /* ElevenLabsVoice.swift */; };
		C106870B2A85085800ED796D /* Utilities.swift in Sources */ = {isa = PBXBuildFile; fileRef = C106870A2A85085800ED796D /* Utilities.swift */; };
		C106870D2A85096E00ED796D /* ElevenLabsVoiceSettings.swift in Sources */ = {isa = PBXBuildFile; fileRef = C106870C2A85096E00ED796D /* ElevenLabsVoiceSettings.swift */; };
		C1106F022A7A7F750002BBAE /* DW_SpeakerApp.swift in Sources */ = {isa = PBXBuildFile; fileRef = C1106F012A7A7F750002BBAE /* DW_SpeakerApp.swift */; };
		C1106F042A7A7F750002BBAE /* ContentView.swift in Sources */ = {isa = PBXBuildFile; fileRef = C1106F032A7A7F750002BBAE /* ContentView.swift */; };
		C1106F062A7A7F770002BBAE /* Assets.xcassets in Resources */ = {isa = PBXBuildFile; fileRef = C1106F052A7A7F770002BBAE /* Assets.xcassets */; };
		C1106F0A2A7A7F770002BBAE /* Preview Assets.xcassets in Resources */ = {isa = PBXBuildFile; fileRef = C1106F092A7A7F770002BBAE /* Preview Assets.xcassets */; };
		C1106F162A7A8C0B0002BBAE /* ElevenLabsVoiceManager.swift in Sources */ = {isa = PBXBuildFile; fileRef = C1106F112A7A8C0A0002BBAE /* ElevenLabsVoiceManager.swift */; };
		C1106F172A7A8C0B0002BBAE /* VoiceManagerOld.swift in Sources */ = {isa = PBXBuildFile; fileRef = C1106F122A7A8C0B0002BBAE /* VoiceManagerOld.swift */; };
		C1106F182A7A8C0B0002BBAE /* PodcastVoice.swift in Sources */ = {isa = PBXBuildFile; fileRef = C1106F132A7A8C0B0002BBAE /* PodcastVoice.swift */; };
		C1106F192A7A8C0B0002BBAE /* AppleSpeechManager.swift in Sources */ = {isa = PBXBuildFile; fileRef = C1106F142A7A8C0B0002BBAE /* AppleSpeechManager.swift */; };
		C1106F1A2A7A8C0B0002BBAE /* SelmaVoiceOld.swift in Sources */ = {isa = PBXBuildFile; fileRef = C1106F152A7A8C0B0002BBAE /* SelmaVoiceOld.swift */; };
		C1106F1E2A7A8CD10002BBAE /* LanguageManager.swift in Sources */ = {isa = PBXBuildFile; fileRef = C1106F1D2A7A8CD10002BBAE /* LanguageManager.swift */; };
		C1106F202A7A8CF00002BBAE /* ConstantsOld.swift in Sources */ = {isa = PBXBuildFile; fileRef = C1106F1F2A7A8CF00002BBAE /* ConstantsOld.swift */; };
		C1106F222A7A8E070002BBAE /* AudioManager.swift in Sources */ = {isa = PBXBuildFile; fileRef = C1106F212A7A8E070002BBAE /* AudioManager.swift */; };
		C1106F262A7A90650002BBAE /* VoiceProvider.swift in Sources */ = {isa = PBXBuildFile; fileRef = C1106F252A7A90650002BBAE /* VoiceProvider.swift */; };
		C1106F282A7A980C0002BBAE /* Voice.swift in Sources */ = {isa = PBXBuildFile; fileRef = C1106F272A7A980C0002BBAE /* Voice.swift */; };
		C1106F2A2A7A999B0002BBAE /* AppleVoiceProvider.swift in Sources */ = {isa = PBXBuildFile; fileRef = C1106F292A7A999B0002BBAE /* AppleVoiceProvider.swift */; };
		C1106F2C2A7A9B330002BBAE /* VoiceViewModel.swift in Sources */ = {isa = PBXBuildFile; fileRef = C1106F2B2A7A9B330002BBAE /* VoiceViewModel.swift */; };
		C13E6E9A2A812175007FCE64 /* AudioPlayerController.swift in Sources */ = {isa = PBXBuildFile; fileRef = C13E6E992A812175007FCE64 /* AudioPlayerController.swift */; };
		C148C5372A8D17FF001FA256 /* AudioFile.swift in Sources */ = {isa = PBXBuildFile; fileRef = C148C5362A8D17FF001FA256 /* AudioFile.swift */; };
		C148C53A2A8FAFE2001FA256 /* SelmaVoiceManager.swift in Sources */ = {isa = PBXBuildFile; fileRef = C148C5392A8FAFE2001FA256 /* SelmaVoiceManager.swift */; };
		C148C53C2A8FB067001FA256 /* SelmaVoiceProvider.swift in Sources */ = {isa = PBXBuildFile; fileRef = C148C53B2A8FB067001FA256 /* SelmaVoiceProvider.swift */; };
		C148C53F2A8FB1A3001FA256 /* SelmaVoice.swift in Sources */ = {isa = PBXBuildFile; fileRef = C148C53E2A8FB1A3001FA256 /* SelmaVoice.swift */; };
		C148C5412A8FC306001FA256 /* SettingsView.swift in Sources */ = {isa = PBXBuildFile; fileRef = C148C5402A8FC306001FA256 /* SettingsView.swift */; };
		C148C5432A8FC3BD001FA256 /* Constants.swift in Sources */ = {isa = PBXBuildFile; fileRef = C148C5422A8FC3BD001FA256 /* Constants.swift */; };
		C15590722A8D082900269CE9 /* ElevenLabsVoiceSettingsView.swift in Sources */ = {isa = PBXBuildFile; fileRef = C15590712A8D082900269CE9 /* ElevenLabsVoiceSettingsView.swift */; };
		C15590742A8D096700269CE9 /* VoiceSettingsView.swift in Sources */ = {isa = PBXBuildFile; fileRef = C15590732A8D096700269CE9 /* VoiceSettingsView.swift */; };
		C16145CA2A7B935B0037AD4B /* Locale+displayName.swift in Sources */ = {isa = PBXBuildFile; fileRef = C16145C92A7B935B0037AD4B /* Locale+displayName.swift */; };
		C1D207782A80CD9500F56E26 /* VoiceController.swift in Sources */ = {isa = PBXBuildFile; fileRef = C1D207772A80CD9500F56E26 /* VoiceController.swift */; };
/* End PBXBuildFile section */

/* Begin PBXFileReference section */
		C10686FC2A822E6F00ED796D /* AppleVoiceSettingsView.swift */ = {isa = PBXFileReference; lastKnownFileType = sourcecode.swift; path = AppleVoiceSettingsView.swift; sourceTree = "<group>"; };
		C10686FE2A825D9300ED796D /* VoiceSettings.swift */ = {isa = PBXFileReference; lastKnownFileType = sourcecode.swift; path = VoiceSettings.swift; sourceTree = "<group>"; };
		C10687002A82719600ED796D /* ElevenLabsVoiceProvider.swift */ = {isa = PBXFileReference; lastKnownFileType = sourcecode.swift; path = ElevenLabsVoiceProvider.swift; sourceTree = "<group>"; };
		C10687022A82739200ED796D /* AppleVoice.swift */ = {isa = PBXFileReference; lastKnownFileType = sourcecode.swift; path = AppleVoice.swift; sourceTree = "<group>"; };
		C10687052A8273B700ED796D /* AppleVoiceSettings.swift */ = {isa = PBXFileReference; lastKnownFileType = sourcecode.swift; path = AppleVoiceSettings.swift; sourceTree = "<group>"; };
		C10687082A8273D700ED796D /* ElevenLabsVoice.swift */ = {isa = PBXFileReference; lastKnownFileType = sourcecode.swift; path = ElevenLabsVoice.swift; sourceTree = "<group>"; };
		C106870A2A85085800ED796D /* Utilities.swift */ = {isa = PBXFileReference; lastKnownFileType = sourcecode.swift; path = Utilities.swift; sourceTree = "<group>"; };
		C106870C2A85096E00ED796D /* ElevenLabsVoiceSettings.swift */ = {isa = PBXFileReference; lastKnownFileType = sourcecode.swift; path = ElevenLabsVoiceSettings.swift; sourceTree = "<group>"; };
		C1106EFE2A7A7F750002BBAE /* DW Speaker.app */ = {isa = PBXFileReference; explicitFileType = wrapper.application; includeInIndex = 0; path = "DW Speaker.app"; sourceTree = BUILT_PRODUCTS_DIR; };
		C1106F012A7A7F750002BBAE /* DW_SpeakerApp.swift */ = {isa = PBXFileReference; lastKnownFileType = sourcecode.swift; path = DW_SpeakerApp.swift; sourceTree = "<group>"; };
		C1106F032A7A7F750002BBAE /* ContentView.swift */ = {isa = PBXFileReference; lastKnownFileType = sourcecode.swift; path = ContentView.swift; sourceTree = "<group>"; };
		C1106F052A7A7F770002BBAE /* Assets.xcassets */ = {isa = PBXFileReference; lastKnownFileType = folder.assetcatalog; path = Assets.xcassets; sourceTree = "<group>"; };
		C1106F072A7A7F770002BBAE /* DW_Speaker.entitlements */ = {isa = PBXFileReference; lastKnownFileType = text.plist.entitlements; path = DW_Speaker.entitlements; sourceTree = "<group>"; };
		C1106F092A7A7F770002BBAE /* Preview Assets.xcassets */ = {isa = PBXFileReference; lastKnownFileType = folder.assetcatalog; path = "Preview Assets.xcassets"; sourceTree = "<group>"; };
		C1106F112A7A8C0A0002BBAE /* ElevenLabsVoiceManager.swift */ = {isa = PBXFileReference; fileEncoding = 4; lastKnownFileType = sourcecode.swift; path = ElevenLabsVoiceManager.swift; sourceTree = "<group>"; };
		C1106F122A7A8C0B0002BBAE /* VoiceManagerOld.swift */ = {isa = PBXFileReference; fileEncoding = 4; lastKnownFileType = sourcecode.swift; path = VoiceManagerOld.swift; sourceTree = "<group>"; };
		C1106F132A7A8C0B0002BBAE /* PodcastVoice.swift */ = {isa = PBXFileReference; fileEncoding = 4; lastKnownFileType = sourcecode.swift; path = PodcastVoice.swift; sourceTree = "<group>"; };
		C1106F142A7A8C0B0002BBAE /* AppleSpeechManager.swift */ = {isa = PBXFileReference; fileEncoding = 4; lastKnownFileType = sourcecode.swift; path = AppleSpeechManager.swift; sourceTree = "<group>"; };
		C1106F152A7A8C0B0002BBAE /* SelmaVoiceOld.swift */ = {isa = PBXFileReference; fileEncoding = 4; lastKnownFileType = sourcecode.swift; path = SelmaVoiceOld.swift; sourceTree = "<group>"; };
		C1106F1D2A7A8CD10002BBAE /* LanguageManager.swift */ = {isa = PBXFileReference; fileEncoding = 4; lastKnownFileType = sourcecode.swift; path = LanguageManager.swift; sourceTree = "<group>"; };
		C1106F1F2A7A8CF00002BBAE /* ConstantsOld.swift */ = {isa = PBXFileReference; fileEncoding = 4; lastKnownFileType = sourcecode.swift; path = ConstantsOld.swift; sourceTree = "<group>"; };
		C1106F212A7A8E070002BBAE /* AudioManager.swift */ = {isa = PBXFileReference; fileEncoding = 4; lastKnownFileType = sourcecode.swift; path = AudioManager.swift; sourceTree = "<group>"; };
		C1106F252A7A90650002BBAE /* VoiceProvider.swift */ = {isa = PBXFileReference; lastKnownFileType = sourcecode.swift; path = VoiceProvider.swift; sourceTree = "<group>"; };
		C1106F272A7A980C0002BBAE /* Voice.swift */ = {isa = PBXFileReference; lastKnownFileType = sourcecode.swift; path = Voice.swift; sourceTree = "<group>"; };
		C1106F292A7A999B0002BBAE /* AppleVoiceProvider.swift */ = {isa = PBXFileReference; lastKnownFileType = sourcecode.swift; path = AppleVoiceProvider.swift; sourceTree = "<group>"; };
		C1106F2B2A7A9B330002BBAE /* VoiceViewModel.swift */ = {isa = PBXFileReference; lastKnownFileType = sourcecode.swift; path = VoiceViewModel.swift; sourceTree = "<group>"; };
		C13E6E992A812175007FCE64 /* AudioPlayerController.swift */ = {isa = PBXFileReference; lastKnownFileType = sourcecode.swift; path = AudioPlayerController.swift; sourceTree = "<group>"; };
		C148C5362A8D17FF001FA256 /* AudioFile.swift */ = {isa = PBXFileReference; lastKnownFileType = sourcecode.swift; path = AudioFile.swift; sourceTree = "<group>"; };
		C148C5392A8FAFE2001FA256 /* SelmaVoiceManager.swift */ = {isa = PBXFileReference; lastKnownFileType = sourcecode.swift; path = SelmaVoiceManager.swift; sourceTree = "<group>"; };
		C148C53B2A8FB067001FA256 /* SelmaVoiceProvider.swift */ = {isa = PBXFileReference; lastKnownFileType = sourcecode.swift; path = SelmaVoiceProvider.swift; sourceTree = "<group>"; };
		C148C53E2A8FB1A3001FA256 /* SelmaVoice.swift */ = {isa = PBXFileReference; lastKnownFileType = sourcecode.swift; path = SelmaVoice.swift; sourceTree = "<group>"; };
		C148C5402A8FC306001FA256 /* SettingsView.swift */ = {isa = PBXFileReference; lastKnownFileType = sourcecode.swift; path = SettingsView.swift; sourceTree = "<group>"; };
		C148C5422A8FC3BD001FA256 /* Constants.swift */ = {isa = PBXFileReference; lastKnownFileType = sourcecode.swift; path = Constants.swift; sourceTree = "<group>"; };
		C15590712A8D082900269CE9 /* ElevenLabsVoiceSettingsView.swift */ = {isa = PBXFileReference; lastKnownFileType = sourcecode.swift; path = ElevenLabsVoiceSettingsView.swift; sourceTree = "<group>"; };
		C15590732A8D096700269CE9 /* VoiceSettingsView.swift */ = {isa = PBXFileReference; lastKnownFileType = sourcecode.swift; path = VoiceSettingsView.swift; sourceTree = "<group>"; };
		C16145C92A7B935B0037AD4B /* Locale+displayName.swift */ = {isa = PBXFileReference; lastKnownFileType = sourcecode.swift; path = "Locale+displayName.swift"; sourceTree = "<group>"; };
		C1D207772A80CD9500F56E26 /* VoiceController.swift */ = {isa = PBXFileReference; lastKnownFileType = sourcecode.swift; path = VoiceController.swift; sourceTree = "<group>"; };
/* End PBXFileReference section */

/* Begin PBXFrameworksBuildPhase section */
		C1106EFB2A7A7F750002BBAE /* Frameworks */ = {
			isa = PBXFrameworksBuildPhase;
			buildActionMask = 2147483647;
			files = (
			);
			runOnlyForDeploymentPostprocessing = 0;
		};
/* End PBXFrameworksBuildPhase section */

/* Begin PBXGroup section */
		C10687042A82739D00ED796D /* Apple */ = {
			isa = PBXGroup;
			children = (
				C1106F292A7A999B0002BBAE /* AppleVoiceProvider.swift */,
				C10687022A82739200ED796D /* AppleVoice.swift */,
				C10687052A8273B700ED796D /* AppleVoiceSettings.swift */,
				C10686FC2A822E6F00ED796D /* AppleVoiceSettingsView.swift */,
			);
			path = Apple;
			sourceTree = "<group>";
		};
		C10687072A8273C100ED796D /* ElevenLabs */ = {
			isa = PBXGroup;
			children = (
				C1106F112A7A8C0A0002BBAE /* ElevenLabsVoiceManager.swift */,
				C10687002A82719600ED796D /* ElevenLabsVoiceProvider.swift */,
				C10687082A8273D700ED796D /* ElevenLabsVoice.swift */,
				C106870C2A85096E00ED796D /* ElevenLabsVoiceSettings.swift */,
				C15590712A8D082900269CE9 /* ElevenLabsVoiceSettingsView.swift */,
			);
			path = ElevenLabs;
			sourceTree = "<group>";
		};
		C1106EF52A7A7F750002BBAE = {
			isa = PBXGroup;
			children = (
				C1106F002A7A7F750002BBAE /* DW Speaker */,
				C1106EFF2A7A7F750002BBAE /* Products */,
			);
			sourceTree = "<group>";
		};
		C1106EFF2A7A7F750002BBAE /* Products */ = {
			isa = PBXGroup;
			children = (
				C1106EFE2A7A7F750002BBAE /* DW Speaker.app */,
			);
			name = Products;
			sourceTree = "<group>";
		};
		C1106F002A7A7F750002BBAE /* DW Speaker */ = {
			isa = PBXGroup;
			children = (
				C1106F012A7A7F750002BBAE /* DW_SpeakerApp.swift */,
				C1106F2B2A7A9B330002BBAE /* VoiceViewModel.swift */,
				C1106F032A7A7F750002BBAE /* ContentView.swift */,
				C148C5402A8FC306001FA256 /* SettingsView.swift */,
				C15590732A8D096700269CE9 /* VoiceSettingsView.swift */,
				C1D207772A80CD9500F56E26 /* VoiceController.swift */,
				C13E6E992A812175007FCE64 /* AudioPlayerController.swift */,
				C148C53D2A8FB13F001FA256 /* Protocols */,
				C106870A2A85085800ED796D /* Utilities.swift */,
				C148C5362A8D17FF001FA256 /* AudioFile.swift */,
				C148C5422A8FC3BD001FA256 /* Constants.swift */,
				C10687042A82739D00ED796D /* Apple */,
				C10687072A8273C100ED796D /* ElevenLabs */,
				C148C5382A8FAEE4001FA256 /* SelmaVoice */,
				C16145C92A7B935B0037AD4B /* Locale+displayName.swift */,
				C1106F102A7A8BFF0002BBAE /* Import */,
				C1106F052A7A7F770002BBAE /* Assets.xcassets */,
				C1106F072A7A7F770002BBAE /* DW_Speaker.entitlements */,
				C1106F082A7A7F770002BBAE /* Preview Content */,
			);
			path = "DW Speaker";
			sourceTree = "<group>";
		};
		C1106F082A7A7F770002BBAE /* Preview Content */ = {
			isa = PBXGroup;
			children = (
				C1106F092A7A7F770002BBAE /* Preview Assets.xcassets */,
			);
			path = "Preview Content";
			sourceTree = "<group>";
		};
		C1106F102A7A8BFF0002BBAE /* Import */ = {
			isa = PBXGroup;
			children = (
				C1106F212A7A8E070002BBAE /* AudioManager.swift */,
				C1106F1D2A7A8CD10002BBAE /* LanguageManager.swift */,
				C1106F142A7A8C0B0002BBAE /* AppleSpeechManager.swift */,
				C1106F132A7A8C0B0002BBAE /* PodcastVoice.swift */,
				C1106F152A7A8C0B0002BBAE /* SelmaVoiceOld.swift */,
				C1106F122A7A8C0B0002BBAE /* VoiceManagerOld.swift */,
				C1106F1F2A7A8CF00002BBAE /* ConstantsOld.swift */,
			);
			path = Import;
			sourceTree = "<group>";
		};
		C148C5382A8FAEE4001FA256 /* SelmaVoice */ = {
			isa = PBXGroup;
			children = (
				C148C5392A8FAFE2001FA256 /* SelmaVoiceManager.swift */,
				C148C53B2A8FB067001FA256 /* SelmaVoiceProvider.swift */,
				C148C53E2A8FB1A3001FA256 /* SelmaVoice.swift */,
			);
			path = SelmaVoice;
			sourceTree = "<group>";
		};
		C148C53D2A8FB13F001FA256 /* Protocols */ = {
			isa = PBXGroup;
			children = (
				C1106F252A7A90650002BBAE /* VoiceProvider.swift */,
				C1106F272A7A980C0002BBAE /* Voice.swift */,
				C10686FE2A825D9300ED796D /* VoiceSettings.swift */,
			);
			path = Protocols;
			sourceTree = "<group>";
		};
/* End PBXGroup section */

/* Begin PBXNativeTarget section */
		C1106EFD2A7A7F750002BBAE /* DW Speaker */ = {
			isa = PBXNativeTarget;
			buildConfigurationList = C1106F0D2A7A7F770002BBAE /* Build configuration list for PBXNativeTarget "DW Speaker" */;
			buildPhases = (
				C1106EFA2A7A7F750002BBAE /* Sources */,
				C1106EFB2A7A7F750002BBAE /* Frameworks */,
				C1106EFC2A7A7F750002BBAE /* Resources */,
			);
			buildRules = (
			);
			dependencies = (
			);
			name = "DW Speaker";
			productName = "DW Speaker";
			productReference = C1106EFE2A7A7F750002BBAE /* DW Speaker.app */;
			productType = "com.apple.product-type.application";
		};
/* End PBXNativeTarget section */

/* Begin PBXProject section */
		C1106EF62A7A7F750002BBAE /* Project object */ = {
			isa = PBXProject;
			attributes = {
				BuildIndependentTargetsInParallel = 1;
				LastSwiftUpdateCheck = 1430;
				LastUpgradeCheck = 1430;
				TargetAttributes = {
					C1106EFD2A7A7F750002BBAE = {
						CreatedOnToolsVersion = 14.3;
					};
				};
			};
			buildConfigurationList = C1106EF92A7A7F750002BBAE /* Build configuration list for PBXProject "DW Speaker" */;
			compatibilityVersion = "Xcode 14.0";
			developmentRegion = en;
			hasScannedForEncodings = 0;
			knownRegions = (
				en,
				Base,
			);
			mainGroup = C1106EF52A7A7F750002BBAE;
			productRefGroup = C1106EFF2A7A7F750002BBAE /* Products */;
			projectDirPath = "";
			projectRoot = "";
			targets = (
				C1106EFD2A7A7F750002BBAE /* DW Speaker */,
			);
		};
/* End PBXProject section */

/* Begin PBXResourcesBuildPhase section */
		C1106EFC2A7A7F750002BBAE /* Resources */ = {
			isa = PBXResourcesBuildPhase;
			buildActionMask = 2147483647;
			files = (
				C1106F0A2A7A7F770002BBAE /* Preview Assets.xcassets in Resources */,
				C1106F062A7A7F770002BBAE /* Assets.xcassets in Resources */,
			);
			runOnlyForDeploymentPostprocessing = 0;
		};
/* End PBXResourcesBuildPhase section */

/* Begin PBXSourcesBuildPhase section */
		C1106EFA2A7A7F750002BBAE /* Sources */ = {
			isa = PBXSourcesBuildPhase;
			buildActionMask = 2147483647;
			files = (
				C148C53F2A8FB1A3001FA256 /* SelmaVoice.swift in Sources */,
				C148C53C2A8FB067001FA256 /* SelmaVoiceProvider.swift in Sources */,
				C1106F282A7A980C0002BBAE /* Voice.swift in Sources */,
				C106870D2A85096E00ED796D /* ElevenLabsVoiceSettings.swift in Sources */,
				C10687032A82739200ED796D /* AppleVoice.swift in Sources */,
				C10687092A8273D700ED796D /* ElevenLabsVoice.swift in Sources */,
				C148C5372A8D17FF001FA256 /* AudioFile.swift in Sources */,
				C1106F192A7A8C0B0002BBAE /* AppleSpeechManager.swift in Sources */,
				C10687012A82719600ED796D /* ElevenLabsVoiceProvider.swift in Sources */,
				C1106F162A7A8C0B0002BBAE /* ElevenLabsVoiceManager.swift in Sources */,
				C15590742A8D096700269CE9 /* VoiceSettingsView.swift in Sources */,
				C15590722A8D082900269CE9 /* ElevenLabsVoiceSettingsView.swift in Sources */,
				C106870B2A85085800ED796D /* Utilities.swift in Sources */,
				C1106F042A7A7F750002BBAE /* ContentView.swift in Sources */,
				C1106F2A2A7A999B0002BBAE /* AppleVoiceProvider.swift in Sources */,
				C10686FD2A822E6F00ED796D /* AppleVoiceSettingsView.swift in Sources */,
				C16145CA2A7B935B0037AD4B /* Locale+displayName.swift in Sources */,
				C1106F262A7A90650002BBAE /* VoiceProvider.swift in Sources */,
				C1106F2C2A7A9B330002BBAE /* VoiceViewModel.swift in Sources */,
				C1106F1A2A7A8C0B0002BBAE /* SelmaVoiceOld.swift in Sources */,
				C10687062A8273B700ED796D /* AppleVoiceSettings.swift in Sources */,
				C1106F182A7A8C0B0002BBAE /* PodcastVoice.swift in Sources */,
				C1D207782A80CD9500F56E26 /* VoiceController.swift in Sources */,
				C148C5432A8FC3BD001FA256 /* Constants.swift in Sources */,
				C1106F172A7A8C0B0002BBAE /* VoiceManagerOld.swift in Sources */,
				C1106F022A7A7F750002BBAE /* DW_SpeakerApp.swift in Sources */,
				C148C5412A8FC306001FA256 /* SettingsView.swift in Sources */,
				C1106F1E2A7A8CD10002BBAE /* LanguageManager.swift in Sources */,
				C1106F222A7A8E070002BBAE /* AudioManager.swift in Sources */,
				C148C53A2A8FAFE2001FA256 /* SelmaVoiceManager.swift in Sources */,
				C10686FF2A825D9300ED796D /* VoiceSettings.swift in Sources */,
				C1106F202A7A8CF00002BBAE /* ConstantsOld.swift in Sources */,
				C13E6E9A2A812175007FCE64 /* AudioPlayerController.swift in Sources */,
			);
			runOnlyForDeploymentPostprocessing = 0;
		};
/* End PBXSourcesBuildPhase section */

/* Begin XCBuildConfiguration section */
		C1106F0B2A7A7F770002BBAE /* Debug */ = {
			isa = XCBuildConfiguration;
			buildSettings = {
				ALWAYS_SEARCH_USER_PATHS = NO;
				CLANG_ANALYZER_NONNULL = YES;
				CLANG_ANALYZER_NUMBER_OBJECT_CONVERSION = YES_AGGRESSIVE;
				CLANG_CXX_LANGUAGE_STANDARD = "gnu++20";
				CLANG_ENABLE_MODULES = YES;
				CLANG_ENABLE_OBJC_ARC = YES;
				CLANG_ENABLE_OBJC_WEAK = YES;
				CLANG_WARN_BLOCK_CAPTURE_AUTORELEASING = YES;
				CLANG_WARN_BOOL_CONVERSION = YES;
				CLANG_WARN_COMMA = YES;
				CLANG_WARN_CONSTANT_CONVERSION = YES;
				CLANG_WARN_DEPRECATED_OBJC_IMPLEMENTATIONS = YES;
				CLANG_WARN_DIRECT_OBJC_ISA_USAGE = YES_ERROR;
				CLANG_WARN_DOCUMENTATION_COMMENTS = YES;
				CLANG_WARN_EMPTY_BODY = YES;
				CLANG_WARN_ENUM_CONVERSION = YES;
				CLANG_WARN_INFINITE_RECURSION = YES;
				CLANG_WARN_INT_CONVERSION = YES;
				CLANG_WARN_NON_LITERAL_NULL_CONVERSION = YES;
				CLANG_WARN_OBJC_IMPLICIT_RETAIN_SELF = YES;
				CLANG_WARN_OBJC_LITERAL_CONVERSION = YES;
				CLANG_WARN_OBJC_ROOT_CLASS = YES_ERROR;
				CLANG_WARN_QUOTED_INCLUDE_IN_FRAMEWORK_HEADER = YES;
				CLANG_WARN_RANGE_LOOP_ANALYSIS = YES;
				CLANG_WARN_STRICT_PROTOTYPES = YES;
				CLANG_WARN_SUSPICIOUS_MOVE = YES;
				CLANG_WARN_UNGUARDED_AVAILABILITY = YES_AGGRESSIVE;
				CLANG_WARN_UNREACHABLE_CODE = YES;
				CLANG_WARN__DUPLICATE_METHOD_MATCH = YES;
				COPY_PHASE_STRIP = NO;
				DEBUG_INFORMATION_FORMAT = dwarf;
				ENABLE_STRICT_OBJC_MSGSEND = YES;
				ENABLE_TESTABILITY = YES;
				GCC_C_LANGUAGE_STANDARD = gnu11;
				GCC_DYNAMIC_NO_PIC = NO;
				GCC_NO_COMMON_BLOCKS = YES;
				GCC_OPTIMIZATION_LEVEL = 0;
				GCC_PREPROCESSOR_DEFINITIONS = (
					"DEBUG=1",
					"$(inherited)",
				);
				GCC_WARN_64_TO_32_BIT_CONVERSION = YES;
				GCC_WARN_ABOUT_RETURN_TYPE = YES_ERROR;
				GCC_WARN_UNDECLARED_SELECTOR = YES;
				GCC_WARN_UNINITIALIZED_AUTOS = YES_AGGRESSIVE;
				GCC_WARN_UNUSED_FUNCTION = YES;
				GCC_WARN_UNUSED_VARIABLE = YES;
				MTL_ENABLE_DEBUG_INFO = INCLUDE_SOURCE;
				MTL_FAST_MATH = YES;
				ONLY_ACTIVE_ARCH = YES;
				SWIFT_ACTIVE_COMPILATION_CONDITIONS = DEBUG;
				SWIFT_OPTIMIZATION_LEVEL = "-Onone";
			};
			name = Debug;
		};
		C1106F0C2A7A7F770002BBAE /* Release */ = {
			isa = XCBuildConfiguration;
			buildSettings = {
				ALWAYS_SEARCH_USER_PATHS = NO;
				CLANG_ANALYZER_NONNULL = YES;
				CLANG_ANALYZER_NUMBER_OBJECT_CONVERSION = YES_AGGRESSIVE;
				CLANG_CXX_LANGUAGE_STANDARD = "gnu++20";
				CLANG_ENABLE_MODULES = YES;
				CLANG_ENABLE_OBJC_ARC = YES;
				CLANG_ENABLE_OBJC_WEAK = YES;
				CLANG_WARN_BLOCK_CAPTURE_AUTORELEASING = YES;
				CLANG_WARN_BOOL_CONVERSION = YES;
				CLANG_WARN_COMMA = YES;
				CLANG_WARN_CONSTANT_CONVERSION = YES;
				CLANG_WARN_DEPRECATED_OBJC_IMPLEMENTATIONS = YES;
				CLANG_WARN_DIRECT_OBJC_ISA_USAGE = YES_ERROR;
				CLANG_WARN_DOCUMENTATION_COMMENTS = YES;
				CLANG_WARN_EMPTY_BODY = YES;
				CLANG_WARN_ENUM_CONVERSION = YES;
				CLANG_WARN_INFINITE_RECURSION = YES;
				CLANG_WARN_INT_CONVERSION = YES;
				CLANG_WARN_NON_LITERAL_NULL_CONVERSION = YES;
				CLANG_WARN_OBJC_IMPLICIT_RETAIN_SELF = YES;
				CLANG_WARN_OBJC_LITERAL_CONVERSION = YES;
				CLANG_WARN_OBJC_ROOT_CLASS = YES_ERROR;
				CLANG_WARN_QUOTED_INCLUDE_IN_FRAMEWORK_HEADER = YES;
				CLANG_WARN_RANGE_LOOP_ANALYSIS = YES;
				CLANG_WARN_STRICT_PROTOTYPES = YES;
				CLANG_WARN_SUSPICIOUS_MOVE = YES;
				CLANG_WARN_UNGUARDED_AVAILABILITY = YES_AGGRESSIVE;
				CLANG_WARN_UNREACHABLE_CODE = YES;
				CLANG_WARN__DUPLICATE_METHOD_MATCH = YES;
				COPY_PHASE_STRIP = NO;
				DEBUG_INFORMATION_FORMAT = "dwarf-with-dsym";
				ENABLE_NS_ASSERTIONS = NO;
				ENABLE_STRICT_OBJC_MSGSEND = YES;
				GCC_C_LANGUAGE_STANDARD = gnu11;
				GCC_NO_COMMON_BLOCKS = YES;
				GCC_WARN_64_TO_32_BIT_CONVERSION = YES;
				GCC_WARN_ABOUT_RETURN_TYPE = YES_ERROR;
				GCC_WARN_UNDECLARED_SELECTOR = YES;
				GCC_WARN_UNINITIALIZED_AUTOS = YES_AGGRESSIVE;
				GCC_WARN_UNUSED_FUNCTION = YES;
				GCC_WARN_UNUSED_VARIABLE = YES;
				MTL_ENABLE_DEBUG_INFO = NO;
				MTL_FAST_MATH = YES;
				SWIFT_COMPILATION_MODE = wholemodule;
				SWIFT_OPTIMIZATION_LEVEL = "-O";
			};
			name = Release;
		};
		C1106F0E2A7A7F770002BBAE /* Debug */ = {
			isa = XCBuildConfiguration;
			buildSettings = {
				ASSETCATALOG_COMPILER_APPICON_NAME = AppIcon;
				ASSETCATALOG_COMPILER_GLOBAL_ACCENT_COLOR_NAME = AccentColor;
				CODE_SIGN_ENTITLEMENTS = "DW Speaker/DW_Speaker.entitlements";
				CODE_SIGN_STYLE = Automatic;
				CURRENT_PROJECT_VERSION = 1;
				DEVELOPMENT_ASSET_PATHS = "\"DW Speaker/Preview Content\"";
				DEVELOPMENT_TEAM = 82DH72DY44;
				ENABLE_HARDENED_RUNTIME = YES;
				ENABLE_PREVIEWS = YES;
				GENERATE_INFOPLIST_FILE = YES;
				INFOPLIST_KEY_LSApplicationCategoryType = "public.app-category.utilities";
				"INFOPLIST_KEY_UIApplicationSceneManifest_Generation[sdk=iphoneos*]" = YES;
				"INFOPLIST_KEY_UIApplicationSceneManifest_Generation[sdk=iphonesimulator*]" = YES;
				"INFOPLIST_KEY_UIApplicationSupportsIndirectInputEvents[sdk=iphoneos*]" = YES;
				"INFOPLIST_KEY_UIApplicationSupportsIndirectInputEvents[sdk=iphonesimulator*]" = YES;
				"INFOPLIST_KEY_UILaunchScreen_Generation[sdk=iphoneos*]" = YES;
				"INFOPLIST_KEY_UILaunchScreen_Generation[sdk=iphonesimulator*]" = YES;
				"INFOPLIST_KEY_UIStatusBarStyle[sdk=iphoneos*]" = UIStatusBarStyleDefault;
				"INFOPLIST_KEY_UIStatusBarStyle[sdk=iphonesimulator*]" = UIStatusBarStyleDefault;
				INFOPLIST_KEY_UISupportedInterfaceOrientations_iPad = "UIInterfaceOrientationPortrait UIInterfaceOrientationPortraitUpsideDown UIInterfaceOrientationLandscapeLeft UIInterfaceOrientationLandscapeRight";
				INFOPLIST_KEY_UISupportedInterfaceOrientations_iPhone = "UIInterfaceOrientationPortrait UIInterfaceOrientationLandscapeLeft UIInterfaceOrientationLandscapeRight";
				IPHONEOS_DEPLOYMENT_TARGET = 16.4;
				LD_RUNPATH_SEARCH_PATHS = "@executable_path/Frameworks";
				"LD_RUNPATH_SEARCH_PATHS[sdk=macosx*]" = "@executable_path/../Frameworks";
				MACOSX_DEPLOYMENT_TARGET = 13.3;
				MARKETING_VERSION = 1.0;
				PRODUCT_BUNDLE_IDENTIFIER = "com.lab-dw.DW-Speaker";
				PRODUCT_NAME = "$(TARGET_NAME)";
				SDKROOT = auto;
				SUPPORTED_PLATFORMS = "iphoneos iphonesimulator macosx";
				SWIFT_EMIT_LOC_STRINGS = YES;
				SWIFT_VERSION = 5.0;
				TARGETED_DEVICE_FAMILY = "1,2";
			};
			name = Debug;
		};
		C1106F0F2A7A7F770002BBAE /* Release */ = {
			isa = XCBuildConfiguration;
			buildSettings = {
				ASSETCATALOG_COMPILER_APPICON_NAME = AppIcon;
				ASSETCATALOG_COMPILER_GLOBAL_ACCENT_COLOR_NAME = AccentColor;
				CODE_SIGN_ENTITLEMENTS = "DW Speaker/DW_Speaker.entitlements";
				CODE_SIGN_STYLE = Automatic;
				CURRENT_PROJECT_VERSION = 1;
				DEVELOPMENT_ASSET_PATHS = "\"DW Speaker/Preview Content\"";
				DEVELOPMENT_TEAM = 82DH72DY44;
				ENABLE_HARDENED_RUNTIME = YES;
				ENABLE_PREVIEWS = YES;
				GENERATE_INFOPLIST_FILE = YES;
				INFOPLIST_KEY_LSApplicationCategoryType = "public.app-category.utilities";
				"INFOPLIST_KEY_UIApplicationSceneManifest_Generation[sdk=iphoneos*]" = YES;
				"INFOPLIST_KEY_UIApplicationSceneManifest_Generation[sdk=iphonesimulator*]" = YES;
				"INFOPLIST_KEY_UIApplicationSupportsIndirectInputEvents[sdk=iphoneos*]" = YES;
				"INFOPLIST_KEY_UIApplicationSupportsIndirectInputEvents[sdk=iphonesimulator*]" = YES;
				"INFOPLIST_KEY_UILaunchScreen_Generation[sdk=iphoneos*]" = YES;
				"INFOPLIST_KEY_UILaunchScreen_Generation[sdk=iphonesimulator*]" = YES;
				"INFOPLIST_KEY_UIStatusBarStyle[sdk=iphoneos*]" = UIStatusBarStyleDefault;
				"INFOPLIST_KEY_UIStatusBarStyle[sdk=iphonesimulator*]" = UIStatusBarStyleDefault;
				INFOPLIST_KEY_UISupportedInterfaceOrientations_iPad = "UIInterfaceOrientationPortrait UIInterfaceOrientationPortraitUpsideDown UIInterfaceOrientationLandscapeLeft UIInterfaceOrientationLandscapeRight";
				INFOPLIST_KEY_UISupportedInterfaceOrientations_iPhone = "UIInterfaceOrientationPortrait UIInterfaceOrientationLandscapeLeft UIInterfaceOrientationLandscapeRight";
				IPHONEOS_DEPLOYMENT_TARGET = 16.4;
				LD_RUNPATH_SEARCH_PATHS = "@executable_path/Frameworks";
				"LD_RUNPATH_SEARCH_PATHS[sdk=macosx*]" = "@executable_path/../Frameworks";
				MACOSX_DEPLOYMENT_TARGET = 13.3;
				MARKETING_VERSION = 1.0;
				PRODUCT_BUNDLE_IDENTIFIER = "com.lab-dw.DW-Speaker";
				PRODUCT_NAME = "$(TARGET_NAME)";
				SDKROOT = auto;
				SUPPORTED_PLATFORMS = "iphoneos iphonesimulator macosx";
				SWIFT_EMIT_LOC_STRINGS = YES;
				SWIFT_VERSION = 5.0;
				TARGETED_DEVICE_FAMILY = "1,2";
			};
			name = Release;
		};
/* End XCBuildConfiguration section */

/* Begin XCConfigurationList section */
		C1106EF92A7A7F750002BBAE /* Build configuration list for PBXProject "DW Speaker" */ = {
			isa = XCConfigurationList;
			buildConfigurations = (
				C1106F0B2A7A7F770002BBAE /* Debug */,
				C1106F0C2A7A7F770002BBAE /* Release */,
			);
			defaultConfigurationIsVisible = 0;
			defaultConfigurationName = Release;
		};
		C1106F0D2A7A7F770002BBAE /* Build configuration list for PBXNativeTarget "DW Speaker" */ = {
			isa = XCConfigurationList;
			buildConfigurations = (
				C1106F0E2A7A7F770002BBAE /* Debug */,
				C1106F0F2A7A7F770002BBAE /* Release */,
			);
			defaultConfigurationIsVisible = 0;
			defaultConfigurationName = Release;
		};
/* End XCConfigurationList section */
	};
	rootObject = C1106EF62A7A7F750002BBAE /* Project object */;
}
