{
  "originHash" : "73efc1745a8347911009f52c2690964a3631c3c5ae6034f169ca097c91f02aab",
  "pins" : [
    {
      "identity" : "dwspeakerkit",
      "kind" : "remoteSourceControl",
      "location" : "https://github.com/dw-innovation/DWSpeakerKit",
      "state" : {
        "branch" : "main",
        "revision" : "00fb4f4e0c401be9219bfc1bbd3d630bdf75030e"
      }
    }
  ],
  "version" : 3
}
